
Microsoft Visual Studio Solution File, Format Version 12.00
# Visual Studio Version 16
VisualStudioVersion = 16.0.32602.291
MinimumVisualStudioVersion = 10.0.40219.1
Project("{9A19103F-16F7-4668-BE54-9A1E7A4F7556}") = "WpfAppFirst", "WpfAppFirst\WpfAppFirst.csproj", "{BA574B46-3AA0-4E80-B989-D9C77A61D598}"
EndProject
Project("{FAE04EC0-301F-11D3-BF4B-00C04F79EFBC}") = "WpfStylesLibrary", "WpfStylesLibrary\WpfStylesLibrary.csproj", "{24E80B3B-9740-43E5-B092-795CFEBCE350}"
EndProject
Global
	GlobalSection(SolutionConfigurationPlatforms) = preSolution
		Debug|Any CPU = Debug|Any CPU
		Release|Any CPU = Release|Any CPU
	EndGlobalSection
	GlobalSection(ProjectConfigurationPlatforms) = postSolution
		{BA574B46-3AA0-4E80-B989-D9C77A61D598}.Debug|Any CPU.ActiveCfg = Debug|Any CPU
		{BA574B46-3AA0-4E80-B989-D9C77A61D598}.Debug|Any CPU.Build.0 = Debug|Any CPU
		{BA574B46-3AA0-4E80-B989-D9C77A61D598}.Release|Any CPU.ActiveCfg = Release|Any CPU
		{BA574B46-3AA0-4E80-B989-D9C77A61D598}.Release|Any CPU.Build.0 = Release|Any CPU
		{24E80B3B-9740-43E5-B092-795CFEBCE350}.Debug|Any CPU.ActiveCfg = Debug|Any CPU
		{24E80B3B-9740-43E5-B092-795CFEBCE350}.Debug|Any CPU.Build.0 = Debug|Any CPU
		{24E80B3B-9740-43E5-B092-795CFEBCE350}.Release|Any CPU.ActiveCfg = Release|Any CPU
		{24E80B3B-9740-43E5-B092-795CFEBCE350}.Release|Any CPU.Build.0 = Release|Any CPU
	EndGlobalSection
	GlobalSection(SolutionProperties) = preSolution
		HideSolutionNode = FALSE
	EndGlobalSection
	GlobalSection(ExtensibilityGlobals) = postSolution
		SolutionGuid = {14CA123D-E20F-46C4-962B-822C03A60AB0}
	EndGlobalSection
EndGlobal
